
Microsoft Visual Studio Solution File, Format Version 12.00
# Visual Studio Version 16
VisualStudioVersion = 16.0.31229.75
MinimumVisualStudioVersion = 10.0.40219.1
Project("{8BC9CEB8-8B4A-11D0-8D11-00A0C91BC942}") = "thirdTask", "thirdTask\thirdTask.vcxproj", "{0F2CF090-340F-481A-A6F9-831CD7525136}"
EndProject
Global
	GlobalSection(SolutionConfigurationPlatforms) = preSolution
		Debug|x64 = Debug|x64
		Debug|x86 = Debug|x86
		Release|x64 = Release|x64
		Release|x86 = Release|x86
	EndGlobalSection
	GlobalSection(ProjectConfigurationPlatforms) = postSolution
		{0F2CF090-340F-481A-A6F9-831CD7525136}.Debug|x64.ActiveCfg = Debug|x64
		{0F2CF090-340F-481A-A6F9-831CD7525136}.Debug|x64.Build.0 = Debug|x64
		{0F2CF090-340F-481A-A6F9-831CD7525136}.Debug|x86.ActiveCfg = Debug|Win32
		{0F2CF090-340F-481A-A6F9-831CD7525136}.Debug|x86.Build.0 = Debug|Win32
		{0F2CF090-340F-481A-A6F9-831CD7525136}.Release|x64.ActiveCfg = Release|x64
		{0F2CF090-340F-481A-A6F9-831CD7525136}.Release|x64.Build.0 = Release|x64
		{0F2CF090-340F-481A-A6F9-831CD7525136}.Release|x86.ActiveCfg = Release|Win32
		{0F2CF090-340F-481A-A6F9-831CD7525136}.Release|x86.Build.0 = Release|Win32
	EndGlobalSection
	GlobalSection(SolutionProperties) = preSolution
		HideSolutionNode = FALSE
	EndGlobalSection
	GlobalSection(ExtensibilityGlobals) = postSolution
		SolutionGuid = {750CD528-4A38-48D9-B9C7-6127F8AB4969}
	EndGlobalSection
EndGlobal
